github.com/dustin/go-humanize v1.0.1 h1:GzkhY7T5VNhEkwH0PVJgjz+fX1rhBrR7pRT3mDkpeCY=
github.com/dustin/go-humanize v1.0.1/go.mod h1:Mu1zIs6XwVuF/gI1OepvI0qD18qycQx+mFykh5fBlto=
golang.org/x/sys v0.0.0-20190214214411-e77772198cdc h1:PkRkk0lptxM8Ms6WIrd4MztFbP96xOFP8GTRMhXsJdM=
golang.org/x/sys v0.0.0-20190214214411-e77772198cdc/go.mod h1:STP8DvDyc/dI5b8T5hshtkjS+E42TnysNCUPdjciGhY=
